
Microsoft Visual Studio Solution File, Format Version 12.00
# Visual Studio Version 16
VisualStudioVersion = 16.0.29609.76
MinimumVisualStudioVersion = 10.0.40219.1
Project("{FAE04EC0-301F-11D3-BF4B-00C04F79EFBC}") = "iso8583-clearing-file-parser", "iso8583-clearing-file-parser\iso8583-clearing-file-parser.csproj", "{1806CAD7-1EB1-4A41-BDB6-A1E818CAD20D}"
EndProject
Global
	GlobalSection(SolutionConfigurationPlatforms) = preSolution
		Debug|Any CPU = Debug|Any CPU
		Release|Any CPU = Release|Any CPU
	EndGlobalSection
	GlobalSection(ProjectConfigurationPlatforms) = postSolution
		{1806CAD7-1EB1-4A41-BDB6-A1E818CAD20D}.Debug|Any CPU.ActiveCfg = Debug|Any CPU
		{1806CAD7-1EB1-4A41-BDB6-A1E818CAD20D}.Debug|Any CPU.Build.0 = Debug|Any CPU
		{1806CAD7-1EB1-4A41-BDB6-A1E818CAD20D}.Release|Any CPU.ActiveCfg = Release|Any CPU
		{1806CAD7-1EB1-4A41-BDB6-A1E818CAD20D}.Release|Any CPU.Build.0 = Release|Any CPU
	EndGlobalSection
	GlobalSection(SolutionProperties) = preSolution
		HideSolutionNode = FALSE
	EndGlobalSection
	GlobalSection(ExtensibilityGlobals) = postSolution
		SolutionGuid = {9F08A897-DD98-4397-9BE2-B2E0DDED0627}
	EndGlobalSection
EndGlobal
